
Microsoft Visual Studio Solution File, Format Version 12.00
# Visual Studio Version 17
VisualStudioVersion = 17.12.35707.178
MinimumVisualStudioVersion = 10.0.40219.1
Project("{2150E333-8FDC-42A3-9474-1A3956D46DE8}") = "MyFoodApp", "MyFoodApp", "{FACAE272-B370-4DC2-BD80-439B417A7FCA}"
EndProject
Project("{2150E333-8FDC-42A3-9474-1A3956D46DE8}") = "Authentication", "Authentication", "{E2435362-5814-466A-9C58-6C5D38BE9BF2}"
EndProject
Project("{FAE04EC0-301F-11D3-BF4B-00C04F79EFBC}") = "MyFoodApp.Web", "MyFoodApp\MyFoodApp.Web\MyFoodApp.Web.csproj", "{A018081A-A077-417E-AC90-E7FF70F5BE55}"
EndProject
Project("{FAE04EC0-301F-11D3-BF4B-00C04F79EFBC}") = "MyFoodApp.Application", "MyFoodApp\MyFoodApp.Application\MyFoodApp.Application.csproj", "{43238D9E-D502-4CFD-9604-965480D23855}"
EndProject
Project("{FAE04EC0-301F-11D3-BF4B-00C04F79EFBC}") = "MyFoodApp.Domain", "MyFoodApp\MyFoodApp.Domain\MyFoodApp.Domain.csproj", "{DDA3A93B-BB8F-4650-B1E1-14F7D367EBD1}"
EndProject
Project("{FAE04EC0-301F-11D3-BF4B-00C04F79EFBC}") = "MyFoodApp.Infrastructure", "MyFoodApp\MyFoodApp.Infrastructure\MyFoodApp.Infrastructure.csproj", "{ACA3011D-7027-49B0-8C3A-A30EDB602487}"
EndProject
Project("{2150E333-8FDC-42A3-9474-1A3956D46DE8}") = "src", "src", "{1B32DB63-9B9F-479B-9026-6D07638E996D}"
EndProject
Project("{2150E333-8FDC-42A3-9474-1A3956D46DE8}") = "test", "test", "{563C28E9-03E8-4E3D-85B2-3228DB875C7A}"
EndProject
Project("{FAE04EC0-301F-11D3-BF4B-00C04F79EFBC}") = "MyFoodApp.Shared", "MyFoodApp\MyFoodApp.Shared\MyFoodApp.Shared.csproj", "{D9970D22-1537-49E6-A322-A27DF7C25B6E}"
EndProject
Project("{2150E333-8FDC-42A3-9474-1A3956D46DE8}") = "other", "other", "{0AD304CA-5937-4E28-90E3-28526DCEB672}"
EndProject
Project("{FAE04EC0-301F-11D3-BF4B-00C04F79EFBC}") = "MyFoodApp.ConsoleApp", "..\other\MyFoodApp.ConsoleApp\MyFoodApp.ConsoleApp.csproj", "{3A0F959C-1308-4C78-ABC0-A4D621560257}"
EndProject
Project("{FAE04EC0-301F-11D3-BF4B-00C04F79EFBC}") = "MyFoodApp.Application.Tests", "..\test\MyFoodApp.Application.Tests\MyFoodApp.Application.Tests.csproj", "{B4CD9750-711A-45E3-8268-78DADD5D5248}"
EndProject
Project("{FAE04EC0-301F-11D3-BF4B-00C04F79EFBC}") = "MyFoodApp.Infrastructure.Tests", "..\test\MyFoodApp.Infrastructure.Tests\MyFoodApp.Infrastructure.Tests.csproj", "{122670B0-A8D1-4D33-9153-06760FCF49A7}"
EndProject
Global
	GlobalSection(SolutionConfigurationPlatforms) = preSolution
		Debug|Any CPU = Debug|Any CPU
		Release|Any CPU = Release|Any CPU
	EndGlobalSection
	GlobalSection(ProjectConfigurationPlatforms) = postSolution
		{A018081A-A077-417E-AC90-E7FF70F5BE55}.Debug|Any CPU.ActiveCfg = Debug|Any CPU
		{A018081A-A077-417E-AC90-E7FF70F5BE55}.Debug|Any CPU.Build.0 = Debug|Any CPU
		{A018081A-A077-417E-AC90-E7FF70F5BE55}.Release|Any CPU.ActiveCfg = Release|Any CPU
		{A018081A-A077-417E-AC90-E7FF70F5BE55}.Release|Any CPU.Build.0 = Release|Any CPU
		{43238D9E-D502-4CFD-9604-965480D23855}.Debug|Any CPU.ActiveCfg = Debug|Any CPU
		{43238D9E-D502-4CFD-9604-965480D23855}.Debug|Any CPU.Build.0 = Debug|Any CPU
		{43238D9E-D502-4CFD-9604-965480D23855}.Release|Any CPU.ActiveCfg = Release|Any CPU
		{43238D9E-D502-4CFD-9604-965480D23855}.Release|Any CPU.Build.0 = Release|Any CPU
		{DDA3A93B-BB8F-4650-B1E1-14F7D367EBD1}.Debug|Any CPU.ActiveCfg = Debug|Any CPU
		{DDA3A93B-BB8F-4650-B1E1-14F7D367EBD1}.Debug|Any CPU.Build.0 = Debug|Any CPU
		{DDA3A93B-BB8F-4650-B1E1-14F7D367EBD1}.Release|Any CPU.ActiveCfg = Release|Any CPU
		{DDA3A93B-BB8F-4650-B1E1-14F7D367EBD1}.Release|Any CPU.Build.0 = Release|Any CPU
		{ACA3011D-7027-49B0-8C3A-A30EDB602487}.Debug|Any CPU.ActiveCfg = Debug|Any CPU
		{ACA3011D-7027-49B0-8C3A-A30EDB602487}.Debug|Any CPU.Build.0 = Debug|Any CPU
		{ACA3011D-7027-49B0-8C3A-A30EDB602487}.Release|Any CPU.ActiveCfg = Release|Any CPU
		{ACA3011D-7027-49B0-8C3A-A30EDB602487}.Release|Any CPU.Build.0 = Release|Any CPU
		{D9970D22-1537-49E6-A322-A27DF7C25B6E}.Debug|Any CPU.ActiveCfg = Debug|Any CPU
		{D9970D22-1537-49E6-A322-A27DF7C25B6E}.Debug|Any CPU.Build.0 = Debug|Any CPU
		{D9970D22-1537-49E6-A322-A27DF7C25B6E}.Release|Any CPU.ActiveCfg = Release|Any CPU
		{D9970D22-1537-49E6-A322-A27DF7C25B6E}.Release|Any CPU.Build.0 = Release|Any CPU
		{3A0F959C-1308-4C78-ABC0-A4D621560257}.Debug|Any CPU.ActiveCfg = Debug|Any CPU
		{3A0F959C-1308-4C78-ABC0-A4D621560257}.Debug|Any CPU.Build.0 = Debug|Any CPU
		{3A0F959C-1308-4C78-ABC0-A4D621560257}.Release|Any CPU.ActiveCfg = Release|Any CPU
		{3A0F959C-1308-4C78-ABC0-A4D621560257}.Release|Any CPU.Build.0 = Release|Any CPU
		{B4CD9750-711A-45E3-8268-78DADD5D5248}.Debug|Any CPU.ActiveCfg = Debug|Any CPU
		{B4CD9750-711A-45E3-8268-78DADD5D5248}.Debug|Any CPU.Build.0 = Debug|Any CPU
		{B4CD9750-711A-45E3-8268-78DADD5D5248}.Release|Any CPU.ActiveCfg = Release|Any CPU
		{B4CD9750-711A-45E3-8268-78DADD5D5248}.Release|Any CPU.Build.0 = Release|Any CPU
		{122670B0-A8D1-4D33-9153-06760FCF49A7}.Debug|Any CPU.ActiveCfg = Debug|Any CPU
		{122670B0-A8D1-4D33-9153-06760FCF49A7}.Debug|Any CPU.Build.0 = Debug|Any CPU
		{122670B0-A8D1-4D33-9153-06760FCF49A7}.Release|Any CPU.ActiveCfg = Release|Any CPU
		{122670B0-A8D1-4D33-9153-06760FCF49A7}.Release|Any CPU.Build.0 = Release|Any CPU
	EndGlobalSection
	GlobalSection(SolutionProperties) = preSolution
		HideSolutionNode = FALSE
	EndGlobalSection
	GlobalSection(NestedProjects) = preSolution
		{FACAE272-B370-4DC2-BD80-439B417A7FCA} = {1B32DB63-9B9F-479B-9026-6D07638E996D}
		{E2435362-5814-466A-9C58-6C5D38BE9BF2} = {1B32DB63-9B9F-479B-9026-6D07638E996D}
		{A018081A-A077-417E-AC90-E7FF70F5BE55} = {FACAE272-B370-4DC2-BD80-439B417A7FCA}
		{43238D9E-D502-4CFD-9604-965480D23855} = {FACAE272-B370-4DC2-BD80-439B417A7FCA}
		{DDA3A93B-BB8F-4650-B1E1-14F7D367EBD1} = {FACAE272-B370-4DC2-BD80-439B417A7FCA}
		{ACA3011D-7027-49B0-8C3A-A30EDB602487} = {FACAE272-B370-4DC2-BD80-439B417A7FCA}
		{D9970D22-1537-49E6-A322-A27DF7C25B6E} = {FACAE272-B370-4DC2-BD80-439B417A7FCA}
		{3A0F959C-1308-4C78-ABC0-A4D621560257} = {0AD304CA-5937-4E28-90E3-28526DCEB672}
		{B4CD9750-711A-45E3-8268-78DADD5D5248} = {563C28E9-03E8-4E3D-85B2-3228DB875C7A}
		{122670B0-A8D1-4D33-9153-06760FCF49A7} = {563C28E9-03E8-4E3D-85B2-3228DB875C7A}
	EndGlobalSection
EndGlobal
